// !$*UTF8*$!
{
	archiveVersion = 1;
	classes = {
	};
	objectVersion = 46;
	objects = {

/* Begin PBXBuildFile section */
		F91D232C1DA5129B00262079 /* AppDelegate.swift in Sources */ = {isa = PBXBuildFile; fileRef = F91D232B1DA5129B00262079 /* AppDelegate.swift */; };
		F91D232E1DA5129B00262079 /* ViewController.swift in Sources */ = {isa = PBXBuildFile; fileRef = F91D232D1DA5129B00262079 /* ViewController.swift */; };
		F91D23311DA5129B00262079 /* Main.storyboard in Resources */ = {isa = PBXBuildFile; fileRef = F91D232F1DA5129B00262079 /* Main.storyboard */; };
		F91D23331DA5129B00262079 /* Assets.xcassets in Resources */ = {isa = PBXBuildFile; fileRef = F91D23321DA5129B00262079 /* Assets.xcassets */; };
		F91D23361DA5129B00262079 /* LaunchScreen.storyboard in Resources */ = {isa = PBXBuildFile; fileRef = F91D23341DA5129B00262079 /* LaunchScreen.storyboard */; };
/* End PBXBuildFile section */

/* Begin PBXFileReference section */
		F91D23281DA5129B00262079 /* SOApplePay.app */ = {isa = PBXFileReference; explicitFileType = wrapper.application; includeInIndex = 0; path = SOApplePay.app; sourceTree = BUILT_PRODUCTS_DIR; };
		F91D232B1DA5129B00262079 /* AppDelegate.swift */ = {isa = PBXFileReference; lastKnownFileType = sourcecode.swift; path = AppDelegate.swift; sourceTree = "<group>"; };
		F91D232D1DA5129B00262079 /* ViewController.swift */ = {isa = PBXFileReference; lastKnownFileType = sourcecode.swift; path = ViewController.swift; sourceTree = "<group>"; };
		F91D23301DA5129B00262079 /* Base */ = {isa = PBXFileReference; lastKnownFileType = file.storyboard; name = Base; path = Base.lproj/Main.storyboard; sourceTree = "<group>"; };
		F91D23321DA5129B00262079 /* Assets.xcassets */ = {isa = PBXFileReference; lastKnownFileType = folder.assetcatalog; path = Assets.xcassets; sourceTree = "<group>"; };
		F91D23351DA5129B00262079 /* Base */ = {isa = PBXFileReference; lastKnownFileType = file.storyboard; name = Base; path = Base.lproj/LaunchScreen.storyboard; sourceTree = "<group>"; };
		F91D23371DA5129B00262079 /* Info.plist */ = {isa = PBXFileReference; lastKnownFileType = text.plist.xml; path = Info.plist; sourceTree = "<group>"; };
/* End PBXFileReference section */

/* Begin PBXFrameworksBuildPhase section */
		F91D23251DA5129B00262079 /* Frameworks */ = {
			isa = PBXFrameworksBuildPhase;
			buildActionMask = 2147483647;
			files = (
			);
			runOnlyForDeploymentPostprocessing = 0;
		};
/* End PBXFrameworksBuildPhase section */

/* Begin PBXGroup section */
		F91D231F1DA5129B00262079 = {
			isa = PBXGroup;
			children = (
				F91D232A1DA5129B00262079 /* SOApplePay */,
				F91D23291DA5129B00262079 /* Products */,
			);
			sourceTree = "<group>";
		};
		F91D23291DA5129B00262079 /* Products */ = {
			isa = PBXGroup;
			children = (
				F91D23281DA5129B00262079 /* SOApplePay.app */,
			);
			name = Products;
			sourceTree = "<group>";
		};
		F91D232A1DA5129B00262079 /* SOApplePay */ = {
			isa = PBXGroup;
			children = (
				F91D232B1DA5129B00262079 /* AppDelegate.swift */,
				F91D232D1DA5129B00262079 /* ViewController.swift */,
				F91D232F1DA5129B00262079 /* Main.storyboard */,
				F91D23321DA5129B00262079 /* Assets.xcassets */,
				F91D23341DA5129B00262079 /* LaunchScreen.storyboard */,
				F91D23371DA5129B00262079 /* Info.plist */,
			);
			path = SOApplePay;
			sourceTree = "<group>";
		};
/* End PBXGroup section */

/* Begin PBXNativeTarget section */
		F91D23271DA5129B00262079 /* SOApplePay */ = {
			isa = PBXNativeTarget;
			buildConfigurationList = F91D233A1DA5129B00262079 /* Build configuration list for PBXNativeTarget "SOApplePay" */;
			buildPhases = (
				F91D23241DA5129B00262079 /* Sources */,
				F91D23251DA5129B00262079 /* Frameworks */,
				F91D23261DA5129B00262079 /* Resources */,
			);
			buildRules = (
			);
			dependencies = (
			);
			name = SOApplePay;
			productName = SOApplePay;
			productReference = F91D23281DA5129B00262079 /* SOApplePay.app */;
			productType = "com.apple.product-type.application";
		};
/* End PBXNativeTarget section */

/* Begin PBXProject section */
		F91D23201DA5129B00262079 /* Project object */ = {
			isa = PBXProject;
			attributes = {
				LastSwiftUpdateCheck = 0730;
				LastUpgradeCheck = 0730;
				ORGANIZATIONNAME = myCompany;
				TargetAttributes = {
					F91D23271DA5129B00262079 = {
						CreatedOnToolsVersion = 7.3;
					};
				};
			};
			buildConfigurationList = F91D23231DA5129B00262079 /* Build configuration list for PBXProject "SOApplePay" */;
			compatibilityVersion = "Xcode 3.2";
			developmentRegion = English;
			hasScannedForEncodings = 0;
			knownRegions = (
				en,
				Base,
			);
			mainGroup = F91D231F1DA5129B00262079;
			productRefGroup = F91D23291DA5129B00262079 /* Products */;
			projectDirPath = "";
			projectRoot = "";
			targets = (
				F91D23271DA5129B00262079 /* SOApplePay */,
			);
		};
/* End PBXProject section */

/* Begin PBXResourcesBuildPhase section */
		F91D23261DA5129B00262079 /* Resources */ = {
			isa = PBXResourcesBuildPhase;
			buildActionMask = 2147483647;
			files = (
				F91D23361DA5129B00262079 /* LaunchScreen.storyboard in Resources */,
				F91D23331DA5129B00262079 /* Assets.xcassets in Resources */,
				F91D23311DA5129B00262079 /* Main.storyboard in Resources */,
			);
			runOnlyForDeploymentPostprocessing = 0;
		};
/* End PBXResourcesBuildPhase section */

/* Begin PBXSourcesBuildPhase section */
		F91D23241DA5129B00262079 /* Sources */ = {
			isa = PBXSourcesBuildPhase;
			buildActionMask = 2147483647;
			files = (
				F91D232E1DA5129B00262079 /* ViewController.swift in Sources */,
				F91D232C1DA5129B00262079 /* AppDelegate.swift in Sources */,
			);
			runOnlyForDeploymentPostprocessing = 0;
		};
/* End PBXSourcesBuildPhase section */

/* Begin PBXVariantGroup section */
		F91D232F1DA5129B00262079 /* Main.storyboard */ = {
			isa = PBXVariantGroup;
			children = (
				F91D23301DA5129B00262079 /* Base */,
			);
			name = Main.storyboard;
			sourceTree = "<group>";
		};
		F91D23341DA5129B00262079 /* LaunchScreen.storyboard */ = {
			isa = PBXVariantGroup;
			children = (
				F91D23351DA5129B00262079 /* Base */,
			);
			name = LaunchScreen.storyboard;
			sourceTree = "<group>";
		};
/* End PBXVariantGroup section */

/* Begin XCBuildConfiguration section */
		F91D23381DA5129B00262079 /* Debug */ = {
			isa = XCBuildConfiguration;
			buildSettings = {
				ALWAYS_SEARCH_USER_PATHS = NO;
				CLANG_ANALYZER_NONNULL = YES;
				CLANG_CXX_LANGUAGE_STANDARD = "gnu++0x";
				CLANG_CXX_LIBRARY = "libc++";
				CLANG_ENABLE_MODULES = YES;
				CLANG_ENABLE_OBJC_ARC = YES;
				CLANG_WARN_BOOL_CONVERSION = YES;
				CLANG_WARN_CONSTANT_CONVERSION = YES;
				CLANG_WARN_DIRECT_OBJC_ISA_USAGE = YES_ERROR;
				CLANG_WARN_EMPTY_BODY = YES;
				CLANG_WARN_ENUM_CONVERSION = YES;
				CLANG_WARN_INT_CONVERSION = YES;
				CLANG_WARN_OBJC_ROOT_CLASS = YES_ERROR;
				CLANG_WARN_UNREACHABLE_CODE = YES;
				CLANG_WARN__DUPLICATE_METHOD_MATCH = YES;
				"CODE_SIGN_IDENTITY[sdk=iphoneos*]" = "iPhone Developer";
				COPY_PHASE_STRIP = NO;
				DEBUG_INFORMATION_FORMAT = dwarf;
				ENABLE_STRICT_OBJC_MSGSEND = YES;
				ENABLE_TESTABILITY = YES;
				GCC_C_LANGUAGE_STANDARD = gnu99;
				GCC_DYNAMIC_NO_PIC = NO;
				GCC_NO_COMMON_BLOCKS = YES;
				GCC_OPTIMIZATION_LEVEL = 0;
				GCC_PREPROCESSOR_DEFINITIONS = (
					"DEBUG=1",
					"$(inherited)",
				);
				GCC_WARN_64_TO_32_BIT_CONVERSION = YES;
				GCC_WARN_ABOUT_RETURN_TYPE = YES_ERROR;
				GCC_WARN_UNDECLARED_SELECTOR = YES;
				GCC_WARN_UNINITIALIZED_AUTOS = YES_AGGRESSIVE;
				GCC_WARN_UNUSED_FUNCTION = YES;
				GCC_WARN_UNUSED_VARIABLE = YES;
				IPHONEOS_DEPLOYMENT_TARGET = 9.3;
				MTL_ENABLE_DEBUG_INFO = YES;
				ONLY_ACTIVE_ARCH = YES;
				SDKROOT = iphoneos;
				SWIFT_OPTIMIZATION_LEVEL = "-Onone";
			};
			name = Debug;
		};
		F91D23391DA5129B00262079 /* Release */ = {
			isa = XCBuildConfiguration;
			buildSettings = {
				ALWAYS_SEARCH_USER_PATHS = NO;
				CLANG_ANALYZER_NONNULL = YES;
				CLANG_CXX_LANGUAGE_STANDARD = "gnu++0x";
				CLANG_CXX_LIBRARY = "libc++";
				CLANG_ENABLE_MODULES = YES;
				CLANG_ENABLE_OBJC_ARC = YES;
				CLANG_WARN_BOOL_CONVERSION = YES;
				CLANG_WARN_CONSTANT_CONVERSION = YES;
				CLANG_WARN_DIRECT_OBJC_ISA_USAGE = YES_ERROR;
				CLANG_WARN_EMPTY_BODY = YES;
				CLANG_WARN_ENUM_CONVERSION = YES;
				CLANG_WARN_INT_CONVERSION = YES;
				CLANG_WARN_OBJC_ROOT_CLASS = YES_ERROR;
				CLANG_WARN_UNREACHABLE_CODE = YES;
				CLANG_WARN__DUPLICATE_METHOD_MATCH = YES;
				"CODE_SIGN_IDENTITY[sdk=iphoneos*]" = "iPhone Developer";
				COPY_PHASE_STRIP = NO;
				DEBUG_INFORMATION_FORMAT = "dwarf-with-dsym";
				ENABLE_NS_ASSERTIONS = NO;
				ENABLE_STRICT_OBJC_MSGSEND = YES;
				GCC_C_LANGUAGE_STANDARD = gnu99;
				GCC_NO_COMMON_BLOCKS = YES;
				GCC_WARN_64_TO_32_BIT_CONVERSION = YES;
				GCC_WARN_ABOUT_RETURN_TYPE = YES_ERROR;
				GCC_WARN_UNDECLARED_SELECTOR = YES;
				GCC_WARN_UNINITIALIZED_AUTOS = YES_AGGRESSIVE;
				GCC_WARN_UNUSED_FUNCTION = YES;
				GCC_WARN_UNUSED_VARIABLE = YES;
				IPHONEOS_DEPLOYMENT_TARGET = 9.3;
				MTL_ENABLE_DEBUG_INFO = NO;
				SDKROOT = iphoneos;
				VALIDATE_PRODUCT = YES;
			};
			name = Release;
		};
		F91D233B1DA5129B00262079 /* Debug */ = {
			isa = XCBuildConfiguration;
			buildSettings = {
				ASSETCATALOG_COMPILER_APPICON_NAME = AppIcon;
				INFOPLIST_FILE = SOApplePay/Info.plist;
				LD_RUNPATH_SEARCH_PATHS = "$(inherited) @executable_path/Frameworks";
				PRODUCT_BUNDLE_IDENTIFIER = com.extention.SOApplePay;
				PRODUCT_NAME = "$(TARGET_NAME)";
			};
			name = Debug;
		};
		F91D233C1DA5129B00262079 /* Release */ = {
			isa = XCBuildConfiguration;
			buildSettings = {
				ASSETCATALOG_COMPILER_APPICON_NAME = AppIcon;
				INFOPLIST_FILE = SOApplePay/Info.plist;
				LD_RUNPATH_SEARCH_PATHS = "$(inherited) @executable_path/Frameworks";
				PRODUCT_BUNDLE_IDENTIFIER = com.extention.SOApplePay;
				PRODUCT_NAME = "$(TARGET_NAME)";
			};
			name = Release;
		};
/* End XCBuildConfiguration section */

/* Begin XCConfigurationList section */
		F91D23231DA5129B00262079 /* Build configuration list for PBXProject "SOApplePay" */ = {
			isa = XCConfigurationList;
			buildConfigurations = (
				F91D23381DA5129B00262079 /* Debug */,
				F91D23391DA5129B00262079 /* Release */,
			);
			defaultConfigurationIsVisible = 0;
			defaultConfigurationName = Release;
		};
		F91D233A1DA5129B00262079 /* Build configuration list for PBXNativeTarget "SOApplePay" */ = {
			isa = XCConfigurationList;
			buildConfigurations = (
				F91D233B1DA5129B00262079 /* Debug */,
				F91D233C1DA5129B00262079 /* Release */,
			);
			defaultConfigurationIsVisible = 0;
		};
/* End XCConfigurationList section */
	};
	rootObject = F91D23201DA5129B00262079 /* Project object */;
}
